
Microsoft Visual Studio Solution File, Format Version 12.00
# Visual Studio 14
VisualStudioVersion = 14.0.23107.0
MinimumVisualStudioVersion = 10.0.40219.1
Project("{FAE04EC0-301F-11D3-BF4B-00C04F79EFBC}") = "CAR.PL", "CARApi\CAR.PL.csproj", "{5975561D-8529-4CFD-A787-42C962DE6955}"
EndProject
Project("{FAE04EC0-301F-11D3-BF4B-00C04F79EFBC}") = "CARApi.Tests", "CARApi.Tests\CARApi.Tests.csproj", "{6FD1228E-4314-4A37-88E6-7477B0C01F1A}"
EndProject
Project("{FAE04EC0-301F-11D3-BF4B-00C04F79EFBC}") = "CAR.DAL", "CarApi.DAL\CAR.DAL.csproj", "{7DF691BA-2033-4622-92D1-E20161519529}"
EndProject
Project("{FAE04EC0-301F-11D3-BF4B-00C04F79EFBC}") = "CAR.Demo.DAL", "CAR.Demo.DAL\CAR.Demo.DAL.csproj", "{95FDC77D-BF86-4F2B-924C-719B7120368B}"
EndProject
Project("{FAE04EC0-301F-11D3-BF4B-00C04F79EFBC}") = "CAR.Mockups", "CAR.Mockups\CAR.Mockups.csproj", "{A2A316E0-6B6F-4D50-83CA-96ACB6ABCCD3}"
EndProject
Global
	GlobalSection(SolutionConfigurationPlatforms) = preSolution
		Debug|Any CPU = Debug|Any CPU
		Release|Any CPU = Release|Any CPU
	EndGlobalSection
	GlobalSection(ProjectConfigurationPlatforms) = postSolution
		{5975561D-8529-4CFD-A787-42C962DE6955}.Debug|Any CPU.ActiveCfg = Debug|Any CPU
		{5975561D-8529-4CFD-A787-42C962DE6955}.Debug|Any CPU.Build.0 = Debug|Any CPU
		{5975561D-8529-4CFD-A787-42C962DE6955}.Release|Any CPU.ActiveCfg = Release|Any CPU
		{5975561D-8529-4CFD-A787-42C962DE6955}.Release|Any CPU.Build.0 = Release|Any CPU
		{6FD1228E-4314-4A37-88E6-7477B0C01F1A}.Debug|Any CPU.ActiveCfg = Debug|Any CPU
		{6FD1228E-4314-4A37-88E6-7477B0C01F1A}.Debug|Any CPU.Build.0 = Debug|Any CPU
		{6FD1228E-4314-4A37-88E6-7477B0C01F1A}.Release|Any CPU.ActiveCfg = Release|Any CPU
		{6FD1228E-4314-4A37-88E6-7477B0C01F1A}.Release|Any CPU.Build.0 = Release|Any CPU
		{7DF691BA-2033-4622-92D1-E20161519529}.Debug|Any CPU.ActiveCfg = Debug|Any CPU
		{7DF691BA-2033-4622-92D1-E20161519529}.Debug|Any CPU.Build.0 = Debug|Any CPU
		{7DF691BA-2033-4622-92D1-E20161519529}.Release|Any CPU.ActiveCfg = Release|Any CPU
		{7DF691BA-2033-4622-92D1-E20161519529}.Release|Any CPU.Build.0 = Release|Any CPU
		{95FDC77D-BF86-4F2B-924C-719B7120368B}.Debug|Any CPU.ActiveCfg = Debug|Any CPU
		{95FDC77D-BF86-4F2B-924C-719B7120368B}.Debug|Any CPU.Build.0 = Debug|Any CPU
		{95FDC77D-BF86-4F2B-924C-719B7120368B}.Release|Any CPU.ActiveCfg = Release|Any CPU
		{95FDC77D-BF86-4F2B-924C-719B7120368B}.Release|Any CPU.Build.0 = Release|Any CPU
		{A2A316E0-6B6F-4D50-83CA-96ACB6ABCCD3}.Debug|Any CPU.ActiveCfg = Debug|Any CPU
		{A2A316E0-6B6F-4D50-83CA-96ACB6ABCCD3}.Debug|Any CPU.Build.0 = Debug|Any CPU
		{A2A316E0-6B6F-4D50-83CA-96ACB6ABCCD3}.Release|Any CPU.ActiveCfg = Release|Any CPU
		{A2A316E0-6B6F-4D50-83CA-96ACB6ABCCD3}.Release|Any CPU.Build.0 = Release|Any CPU
	EndGlobalSection
	GlobalSection(SolutionProperties) = preSolution
		HideSolutionNode = FALSE
	EndGlobalSection
EndGlobal
